hash: d8e57dd521d8e8ad20003294aa3fc38fc0f545d06ab7cf25bda5dcb68c14cec8
updated: 2019-10-01T12:48:54.820806538Z
imports:
- name: cloud.google.com/go
  version: df13a0fc4a55fe219067b726ee15d7ceb5998d78
  subpackages:
  - compute/metadata
  - iam
  - internal/optional
  - internal/version
  - pubsub
  - pubsub/apiv1
  - pubsub/internal/distribution
- name: github.com/aws/aws-sdk-go
  version: 7521a075b080d07978547d21bddba881e31cb437
  subpackages:
  - aws
  - aws/awserr
  - aws/awsutil
  - aws/client
  - aws/client/metadata
  - aws/corehandlers
  - aws/credentials
  - aws/credentials/ec2rolecreds
  - aws/credentials/endpointcreds
  - aws/credentials/processcreds
  - aws/credentials/stscreds
  - aws/crr
  - aws/csm
  - aws/defaults
  - aws/ec2metadata
  - aws/endpoints
  - aws/request
  - aws/session
  - aws/signer/v4
  - internal/ini
  - internal/sdkio
  - internal/sdkmath
  - internal/sdkrand
  - internal/sdkuri
  - internal/shareddefaults
  - private/protocol
  - private/protocol/json/jsonutil
  - private/protocol/jsonrpc
  - private/protocol/query
  - private/protocol/query/queryutil
  - private/protocol/rest
  - private/protocol/xml/xmlutil
  - service/dynamodb
  - service/dynamodb/dynamodbattribute
  - service/dynamodb/dynamodbiface
  - service/sqs
  - service/sqs/sqsiface
  - service/sts
  - service/sts/stsiface
- name: github.com/beorn7/perks
  version: 37c8de3658fcb183f997c4e13e8337516ab753e6
  subpackages:
  - quantile
- name: github.com/bradfitz/gomemcache
  version: a41fca850d0b6f392931a78cbae438803ea0b886
  subpackages:
  - memcache
- name: github.com/BurntSushi/toml
  version: 3012a1dbe2e4bd1391d42b32f0577cb7bbc7f005
- name: github.com/docker/distribution
  version: 14b96e55d84c367ebab6caf9f0086de0876eec72
  subpackages:
  - digestset
  - reference
- name: github.com/docker/docker
  version: 267847712e720d624f78ef5364f474ff6635b725
  subpackages:
  - api
  - api/types
  - api/types/blkiodev
  - api/types/container
  - api/types/events
  - api/types/filters
  - api/types/image
  - api/types/mount
  - api/types/network
  - api/types/registry
  - api/types/strslice
  - api/types/swarm
  - api/types/swarm/runtime
  - api/types/time
  - api/types/versions
  - api/types/volume
  - client
- name: github.com/docker/go-connections
  version: fd1b1942c4d55f7f210a8387e612dc6ffee78ff6
  subpackages:
  - nat
  - sockets
  - tlsconfig
- name: github.com/docker/go-units
  version: 519db1ee28dcc9fd2474ae59fca29a810482bfb1
- name: github.com/gin-contrib/sse
  version: 43f0f29dbd2b3f0feeebff91fd9cda22db296938
- name: github.com/gin-gonic/gin
  version: b75d67cd51eb53c3c3a2fc406524c940021ffbda
  subpackages:
  - binding
  - internal/json
  - render
- name: github.com/go-stack/stack
  version: 2fee6af1a9795aafbe0253a0cfbdf668e1fb8a9a
- name: github.com/gogo/protobuf
  version: 8a5ed79f688836cf007ca23aefe0299791e7bea5
  subpackages:
  - proto
- name: github.com/golang/groupcache
  version: 869f871628b6baa9cfbc11732cdf6546b17c1298
  subpackages:
  - lru
- name: github.com/golang/protobuf
  version: 1680a479a2cfb3fa22b972af7e36d0a0fde47bf8
  subpackages:
  - proto
  - protoc-gen-go
  - protoc-gen-go/descriptor
  - protoc-gen-go/generator
  - protoc-gen-go/generator/internal/remap
  - protoc-gen-go/grpc
  - protoc-gen-go/plugin
  - ptypes
  - ptypes/any
  - ptypes/duration
  - ptypes/empty
  - ptypes/timestamp
- name: github.com/golang/snappy
  version: ff6b7dc882cf4cfba7ee0b9f7dcc1ac096c554aa
- name: github.com/gomodule/redigo
  version: d3876d43bbbeb98b4d67309b4d3eef49438ef74c
  subpackages:
  - redis
- name: github.com/google/uuid
  version: c2e93f3ae59f2904160ceaab466009f965df46d6
- name: github.com/googleapis/gax-go
  version: cd610ad2aa72314bd6704cdecab9ea691d447370
  subpackages:
  - v2
- name: github.com/jmespath/go-jmespath
  version: c2b33e8439af944379acbdd9c3a5fe0bc44bd8a5
- name: github.com/json-iterator/go
  version: 819acad769e54806c920726ac93537ba4e2c22ad
- name: github.com/jstemmer/go-junit-report
  version: af01ea7f8024089b458d804d5cdf190f962a9a0c
  subpackages:
  - formatter
  - parser
- name: github.com/kelseyhightower/envconfig
  version: 0b417c4ec4a8a82eecc22a1459a504aa55163d61
- name: github.com/konsorten/go-windows-terminal-sequences
  version: f55edac94c9bbba5d6182a4be46d86a2c9b5b50e
- name: github.com/mattn/go-isatty
  version: bf9a1dea1961e1d831824fb135332bfb8c10e8b8
- name: github.com/matttproud/golang_protobuf_extensions
  version: c182affec369e30f25d3eb8cd8a478dee585ae7d
  subpackages:
  - pbutil
- name: github.com/Microsoft/go-winio
  version: fc70bd9a86b5562b3b5eb1040e803febee1e90a1
  subpackages:
  - pkg/guid
- name: github.com/modern-go/concurrent
  version: bacd9c7ef1dd9b15be4a9909b8ac7a4e313eec94
- name: github.com/modern-go/reflect2
  version: 94122c33edd36123c84d5368cfb2b69df93a0ec8
- name: github.com/opencontainers/go-digest
  version: ac19fd6e7483ff933754af248d80be865e543d22
- name: github.com/opencontainers/image-spec
  version: 775207bd45b6cb8153ce218cc59351799217451f
  subpackages:
  - specs-go
  - specs-go/v1
- name: github.com/opentracing/opentracing-go
  version: a7454ce5950e83caac9774ef32cc8979e5975f30
  subpackages:
  - ext
  - log
- name: github.com/pkg/errors
  version: 27936f6d90f9c8e1145f11ed52ffffbfdb9e0af7
- name: github.com/prometheus/client_golang
  version: 2641b987480bca71fb39738eb8c8b0d577cb1d76
  subpackages:
  - prometheus
  - prometheus/internal
  - prometheus/promhttp
- name: github.com/prometheus/client_model
  version: 14fe0d1b01d4d5fc031dd4bec1823bd3ebbe8016
  subpackages:
  - go
- name: github.com/prometheus/common
  version: 287d3e634a1e550c9e463dd7e5a75a422c614505
  subpackages:
  - expfmt
  - internal/bitbucket.org/ww/goautoneg
  - model
- name: github.com/prometheus/procfs
  version: de25ac347ef9305868b04dc42425c973b863b18c
  subpackages:
  - internal/fs
  - internal/util
- name: github.com/RichardKnop/logging
  version: 1a693bdd4fae4adf6893849d150587ed2c92b751
- name: github.com/RichardKnop/machinery
  version: 45c722bb48504fcc9cf9090ea137d96402d2c96a
  subpackages:
  - v1
  - v1/backends/amqp
  - v1/backends/dynamodb
  - v1/backends/eager
  - v1/backends/iface
  - v1/backends/memcache
  - v1/backends/mongo
  - v1/backends/null
  - v1/backends/redis
  - v1/backends/result
  - v1/brokers/amqp
  - v1/brokers/eager
  - v1/brokers/errs
  - v1/brokers/gcppubsub
  - v1/brokers/iface
  - v1/brokers/redis
  - v1/brokers/sqs
  - v1/common
  - v1/config
  - v1/log
  - v1/retry
  - v1/tasks
  - v1/tracing
- name: github.com/RichardKnop/redsync
  version: 54b27db64c180751e7049321a2e109ff220ccdcc
- name: github.com/Sirupsen/logrus
  version: 839c75faf7f98a33d445d181f3018b5c3409a45e
  repo: https://github.com/sirupsen/logrus
- name: github.com/sirupsen/logrus
  version: 839c75faf7f98a33d445d181f3018b5c3409a45e
- name: github.com/streadway/amqp
  version: edfb9018d2714e4ec54dbaba37dbfef2bdadf0e4
- name: github.com/ugorji/go
  version: 42bc974514ff101a54c6b72a0e4dee29d96c0b26
  subpackages:
  - codec
- name: github.com/xdg/scram
  version: 7eeb5667e42c09cb51bf7b7c28aea8c56767da90
- name: github.com/xdg/stringprep
  version: 73f8eece6fdcd902c185bf651de50f3828bed5ed
- name: go.mongodb.org/mongo-driver
  version: 1aaf676c48ebb378f02f7d93509d5f229c0cede2
  subpackages:
  - bson
  - bson/bsoncodec
  - bson/bsonrw
  - bson/bsontype
  - bson/primitive
  - event
  - internal
  - mongo
  - mongo/options
  - mongo/readconcern
  - mongo/readpref
  - mongo/writeconcern
  - tag
  - version
  - x/bsonx
  - x/bsonx/bsoncore
  - x/mongo/driver
  - x/mongo/driver/address
  - x/mongo/driver/auth
  - x/mongo/driver/auth/internal/gssapi
  - x/mongo/driver/connstring
  - x/mongo/driver/description
  - x/mongo/driver/dns
  - x/mongo/driver/mongocrypt
  - x/mongo/driver/mongocrypt/options
  - x/mongo/driver/operation
  - x/mongo/driver/session
  - x/mongo/driver/topology
  - x/mongo/driver/uuid
  - x/mongo/driver/wiremessage
- name: go.opencensus.io
  version: fa651b05963cfb6060755dc887e7d156ba66e792
  subpackages:
  - internal
  - internal/tagencoding
  - metric/metricdata
  - metric/metricproducer
  - plugin/ocgrpc
  - plugin/ochttp
  - plugin/ochttp/propagation/b3
  - resource
  - stats
  - stats/internal
  - stats/view
  - tag
  - trace
  - trace/internal
  - trace/propagation
  - trace/tracestate
- name: golang.org/x/crypto
  version: 88343688bb370571259f1a6c98274757b61e3bb1
  subpackages:
  - pbkdf2
- name: golang.org/x/exp
  version: 447a159532efe56c676c00de1b84d9b5ce5b700b
  subpackages:
  - apidiff
  - cmd/apidiff
- name: golang.org/x/lint
  version: 16217165b5de779cb6a5e4fc81fa9c1166fda457
  subpackages:
  - golint
- name: golang.org/x/net
  version: c5a3c61f89f3ed696ec36b629ef1b97541165225
  subpackages:
  - context
  - context/ctxhttp
  - http/httpguts
  - http2
  - http2/hpack
  - idna
  - internal/timeseries
  - trace
- name: golang.org/x/oauth2
  version: 0f29369cfe4552d0e4bcddc57cc75f4d7e672a33
  subpackages:
  - google
  - internal
  - jws
  - jwt
- name: golang.org/x/sync
  version: cd5d95a43a6e21273425c7ae415d3df9ea832eeb
  subpackages:
  - errgroup
  - semaphore
- name: golang.org/x/sys
  version: c990c680b611ac1aeb7d8f2af94a825f98d69720
  subpackages:
  - unix
  - windows
- name: golang.org/x/text
  version: 3d0f7978add91030e5e8976ff65ccdd828286cba
  subpackages:
  - secure/bidirule
  - transform
  - unicode/bidi
  - unicode/norm
- name: golang.org/x/tools
  version: 8b695b21ef344be0019c7138fb0c5243255d76ae
  subpackages:
  - cmd/goimports
  - go/analysis
  - go/analysis/passes/inspect
  - go/ast/astutil
  - go/ast/inspector
  - go/buildutil
  - go/gcexportdata
  - go/internal/gcimporter
  - go/internal/packagesdriver
  - go/packages
  - go/types/objectpath
  - go/types/typeutil
  - internal/fastwalk
  - internal/gopathwalk
  - internal/imports
  - internal/module
  - internal/semver
- name: google.golang.org/api
  version: 6a149848833881cf9a0f77f7595c64550f285d87
  subpackages:
  - googleapi/transport
  - internal
  - iterator
  - option
  - support/bundler
  - transport
  - transport/grpc
  - transport/http
  - transport/http/internal/propagation
- name: google.golang.org/appengine
  version: bddb1f54ecfd64b1350fd2dd897fa11d426632bc
  subpackages:
  - internal
  - internal/app_identity
  - internal/base
  - internal/datastore
  - internal/log
  - internal/modules
  - internal/remote_api
  - internal/socket
  - internal/urlfetch
  - socket
  - urlfetch
- name: google.golang.org/genproto
  version: 20e1ac93f88cf06d2b1defb90b9e9e126c7dfff6
  subpackages:
  - googleapis/api/annotations
  - googleapis/iam/v1
  - googleapis/pubsub/v1
  - googleapis/rpc/status
  - googleapis/type/expr
  - protobuf/field_mask
- name: google.golang.org/grpc
  version: 861d8e7992c5ac7d7347def3c300c4e073d94d7d
  subpackages:
  - balancer
  - balancer/base
  - balancer/grpclb
  - balancer/grpclb/grpc_lb_v1
  - balancer/roundrobin
  - binarylog/grpc_binarylog_v1
  - codes
  - connectivity
  - credentials
  - credentials/alts
  - credentials/alts/internal
  - credentials/alts/internal/authinfo
  - credentials/alts/internal/conn
  - credentials/alts/internal/handshaker
  - credentials/alts/internal/handshaker/service
  - credentials/alts/internal/proto/grpc_gcp
  - credentials/google
  - credentials/internal
  - credentials/oauth
  - encoding
  - encoding/proto
  - grpclog
  - internal
  - internal/backoff
  - internal/balancerload
  - internal/binarylog
  - internal/channelz
  - internal/envconfig
  - internal/grpcrand
  - internal/grpcsync
  - internal/syscall
  - internal/transport
  - keepalive
  - metadata
  - naming
  - peer
  - resolver
  - resolver/dns
  - resolver/passthrough
  - serviceconfig
  - stats
  - status
  - tap
- name: gopkg.in/go-playground/validator.v8
  version: 5f1438d3fca68893a817e4a66806cea46a9e4ebf
- name: gopkg.in/yaml.v2
  version: bb4e33bf68bf89cad44d386192cbed201f35b241
- name: honnef.co/go/tools
  version: b24d68825c6485ecef5c4b746f36a31fde67c73e
  subpackages:
  - arg
  - cmd/staticcheck
  - code
  - config
  - deprecated
  - edit
  - facts
  - functions
  - go/types/typeutil
  - internal/cache
  - internal/passes/buildssa
  - internal/renameio
  - internal/robustio
  - internal/sharedcheck
  - lint
  - lint/lintdsl
  - lint/lintutil
  - lint/lintutil/format
  - loader
  - pattern
  - printf
  - report
  - simple
  - ssa
  - ssautil
  - staticcheck
  - staticcheck/vrp
  - stylecheck
  - unused
  - version
testImports: []
